
Microsoft Visual Studio Solution File, Format Version 12.00
# Visual Studio Version 16
VisualStudioVersion = 16.0.31019.35
MinimumVisualStudioVersion = 10.0.40219.1
Project("{FAE04EC0-301F-11D3-BF4B-00C04F79EFBC}") = "LangUniversity", "LangUniversity\LangUniversity.csproj", "{BCF623DB-A214-4078-8D4D-A0A66294276A}"
EndProject
Global
	GlobalSection(SolutionConfigurationPlatforms) = preSolution
		Debug|Any CPU = Debug|Any CPU
		Release|Any CPU = Release|Any CPU
	EndGlobalSection
	GlobalSection(ProjectConfigurationPlatforms) = postSolution
		{BCF623DB-A214-4078-8D4D-A0A66294276A}.Debug|Any CPU.ActiveCfg = Debug|Any CPU
		{BCF623DB-A214-4078-8D4D-A0A66294276A}.Debug|Any CPU.Build.0 = Debug|Any CPU
		{BCF623DB-A214-4078-8D4D-A0A66294276A}.Release|Any CPU.ActiveCfg = Release|Any CPU
		{BCF623DB-A214-4078-8D4D-A0A66294276A}.Release|Any CPU.Build.0 = Release|Any CPU
	EndGlobalSection
	GlobalSection(SolutionProperties) = preSolution
		HideSolutionNode = FALSE
	EndGlobalSection
	GlobalSection(ExtensibilityGlobals) = postSolution
		SolutionGuid = {2DC54F38-EA15-40BA-89DF-F32B6C6D59BF}
	EndGlobalSection
EndGlobal
